
Microsoft Visual Studio Solution File, Format Version 12.00
# Visual Studio 2013
VisualStudioVersion = 12.0.40629.0
MinimumVisualStudioVersion = 10.0.40219.1
Project("{8BC9CEB8-8B4A-11D0-8D11-00A0C91BC942}") = "Dispatch", "Dispatch\Dispatch.vcxproj", "{35EFE811-ADEE-43CB-9BE2-AE8AFFC2A94C}"
EndProject
Project("{8BC9CEB8-8B4A-11D0-8D11-00A0C91BC942}") = "Dispatch Package", "Dispatch Package\Dispatch Package.vcxproj", "{A2F67D9E-3E33-4826-9765-DA7D496622C8}"
	ProjectSection(ProjectDependencies) = postProject
		{35EFE811-ADEE-43CB-9BE2-AE8AFFC2A94C} = {35EFE811-ADEE-43CB-9BE2-AE8AFFC2A94C}
	EndProjectSection
EndProject
Global
	GlobalSection(SolutionConfigurationPlatforms) = preSolution
		Win7 Debug|Win32 = Win7 Debug|Win32
		Win7 Debug|x64 = Win7 Debug|x64
		Win7 Release|Win32 = Win7 Release|Win32
		Win7 Release|x64 = Win7 Release|x64
		Win8 Debug|Win32 = Win8 Debug|Win32
		Win8 Debug|x64 = Win8 Debug|x64
		Win8 Release|Win32 = Win8 Release|Win32
		Win8 Release|x64 = Win8 Release|x64
		Win8.1 Debug|Win32 = Win8.1 Debug|Win32
		Win8.1 Debug|x64 = Win8.1 Debug|x64
		Win8.1 Release|Win32 = Win8.1 Release|Win32
		Win8.1 Release|x64 = Win8.1 Release|x64
	EndGlobalSection
	GlobalSection(ProjectConfigurationPlatforms) = postSolution
		{35EFE811-ADEE-43CB-9BE2-AE8AFFC2A94C}.Win7 Debug|Win32.ActiveCfg = Win7 Debug|Win32
		{35EFE811-ADEE-43CB-9BE2-AE8AFFC2A94C}.Win7 Debug|Win32.Build.0 = Win7 Debug|Win32
		{35EFE811-ADEE-43CB-9BE2-AE8AFFC2A94C}.Win7 Debug|Win32.Deploy.0 = Win7 Debug|Win32
		{35EFE811-ADEE-43CB-9BE2-AE8AFFC2A94C}.Win7 Debug|x64.ActiveCfg = Win7 Debug|x64
		{35EFE811-ADEE-43CB-9BE2-AE8AFFC2A94C}.Win7 Debug|x64.Build.0 = Win7 Debug|x64
		{35EFE811-ADEE-43CB-9BE2-AE8AFFC2A94C}.Win7 Debug|x64.Deploy.0 = Win7 Debug|x64
		{35EFE811-ADEE-43CB-9BE2-AE8AFFC2A94C}.Win7 Release|Win32.ActiveCfg = Win7 Release|Win32
		{35EFE811-ADEE-43CB-9BE2-AE8AFFC2A94C}.Win7 Release|Win32.Build.0 = Win7 Release|Win32
		{35EFE811-ADEE-43CB-9BE2-AE8AFFC2A94C}.Win7 Release|Win32.Deploy.0 = Win7 Release|Win32
		{35EFE811-ADEE-43CB-9BE2-AE8AFFC2A94C}.Win7 Release|x64.ActiveCfg = Win7 Release|x64
		{35EFE811-ADEE-43CB-9BE2-AE8AFFC2A94C}.Win7 Release|x64.Build.0 = Win7 Release|x64
		{35EFE811-ADEE-43CB-9BE2-AE8AFFC2A94C}.Win7 Release|x64.Deploy.0 = Win7 Release|x64
		{35EFE811-ADEE-43CB-9BE2-AE8AFFC2A94C}.Win8 Debug|Win32.ActiveCfg = Win8 Debug|Win32
		{35EFE811-ADEE-43CB-9BE2-AE8AFFC2A94C}.Win8 Debug|Win32.Build.0 = Win8 Debug|Win32
		{35EFE811-ADEE-43CB-9BE2-AE8AFFC2A94C}.Win8 Debug|Win32.Deploy.0 = Win8 Debug|Win32
		{35EFE811-ADEE-43CB-9BE2-AE8AFFC2A94C}.Win8 Debug|x64.ActiveCfg = Win8 Debug|x64
		{35EFE811-ADEE-43CB-9BE2-AE8AFFC2A94C}.Win8 Debug|x64.Build.0 = Win8 Debug|x64
		{35EFE811-ADEE-43CB-9BE2-AE8AFFC2A94C}.Win8 Debug|x64.Deploy.0 = Win8 Debug|x64
		{35EFE811-ADEE-43CB-9BE2-AE8AFFC2A94C}.Win8 Release|Win32.ActiveCfg = Win8 Release|Win32
		{35EFE811-ADEE-43CB-9BE2-AE8AFFC2A94C}.Win8 Release|Win32.Build.0 = Win8 Release|Win32
		{35EFE811-ADEE-43CB-9BE2-AE8AFFC2A94C}.Win8 Release|Win32.Deploy.0 = Win8 Release|Win32
		{35EFE811-ADEE-43CB-9BE2-AE8AFFC2A94C}.Win8 Release|x64.ActiveCfg = Win8 Release|x64
		{35EFE811-ADEE-43CB-9BE2-AE8AFFC2A94C}.Win8 Release|x64.Build.0 = Win8 Release|x64
		{35EFE811-ADEE-43CB-9BE2-AE8AFFC2A94C}.Win8 Release|x64.Deploy.0 = Win8 Release|x64
		{35EFE811-ADEE-43CB-9BE2-AE8AFFC2A94C}.Win8.1 Debug|Win32.ActiveCfg = Win8.1 Debug|Win32
		{35EFE811-ADEE-43CB-9BE2-AE8AFFC2A94C}.Win8.1 Debug|Win32.Build.0 = Win8.1 Debug|Win32
		{35EFE811-ADEE-43CB-9BE2-AE8AFFC2A94C}.Win8.1 Debug|Win32.Deploy.0 = Win8.1 Debug|Win32
		{35EFE811-ADEE-43CB-9BE2-AE8AFFC2A94C}.Win8.1 Debug|x64.ActiveCfg = Win8.1 Debug|x64
		{35EFE811-ADEE-43CB-9BE2-AE8AFFC2A94C}.Win8.1 Debug|x64.Build.0 = Win8.1 Debug|x64
		{35EFE811-ADEE-43CB-9BE2-AE8AFFC2A94C}.Win8.1 Debug|x64.Deploy.0 = Win8.1 Debug|x64
		{35EFE811-ADEE-43CB-9BE2-AE8AFFC2A94C}.Win8.1 Release|Win32.ActiveCfg = Win8.1 Release|Win32
		{35EFE811-ADEE-43CB-9BE2-AE8AFFC2A94C}.Win8.1 Release|Win32.Build.0 = Win8.1 Release|Win32
		{35EFE811-ADEE-43CB-9BE2-AE8AFFC2A94C}.Win8.1 Release|Win32.Deploy.0 = Win8.1 Release|Win32
		{35EFE811-ADEE-43CB-9BE2-AE8AFFC2A94C}.Win8.1 Release|x64.ActiveCfg = Win8.1 Release|x64
		{35EFE811-ADEE-43CB-9BE2-AE8AFFC2A94C}.Win8.1 Release|x64.Build.0 = Win8.1 Release|x64
		{35EFE811-ADEE-43CB-9BE2-AE8AFFC2A94C}.Win8.1 Release|x64.Deploy.0 = Win8.1 Release|x64
		{A2F67D9E-3E33-4826-9765-DA7D496622C8}.Win7 Debug|Win32.ActiveCfg = Win7 Debug|Win32
		{A2F67D9E-3E33-4826-9765-DA7D496622C8}.Win7 Debug|Win32.Build.0 = Win7 Debug|Win32
		{A2F67D9E-3E33-4826-9765-DA7D496622C8}.Win7 Debug|Win32.Deploy.0 = Win7 Debug|Win32
		{A2F67D9E-3E33-4826-9765-DA7D496622C8}.Win7 Debug|x64.ActiveCfg = Win7 Debug|x64
		{A2F67D9E-3E33-4826-9765-DA7D496622C8}.Win7 Debug|x64.Build.0 = Win7 Debug|x64
		{A2F67D9E-3E33-4826-9765-DA7D496622C8}.Win7 Debug|x64.Deploy.0 = Win7 Debug|x64
		{A2F67D9E-3E33-4826-9765-DA7D496622C8}.Win7 Release|Win32.ActiveCfg = Win7 Release|Win32
		{A2F67D9E-3E33-4826-9765-DA7D496622C8}.Win7 Release|Win32.Build.0 = Win7 Release|Win32
		{A2F67D9E-3E33-4826-9765-DA7D496622C8}.Win7 Release|Win32.Deploy.0 = Win7 Release|Win32
		{A2F67D9E-3E33-4826-9765-DA7D496622C8}.Win7 Release|x64.ActiveCfg = Win7 Release|x64
		{A2F67D9E-3E33-4826-9765-DA7D496622C8}.Win7 Release|x64.Build.0 = Win7 Release|x64
		{A2F67D9E-3E33-4826-9765-DA7D496622C8}.Win7 Release|x64.Deploy.0 = Win7 Release|x64
		{A2F67D9E-3E33-4826-9765-DA7D496622C8}.Win8 Debug|Win32.ActiveCfg = Win8 Debug|Win32
		{A2F67D9E-3E33-4826-9765-DA7D496622C8}.Win8 Debug|Win32.Build.0 = Win8 Debug|Win32
		{A2F67D9E-3E33-4826-9765-DA7D496622C8}.Win8 Debug|Win32.Deploy.0 = Win8 Debug|Win32
		{A2F67D9E-3E33-4826-9765-DA7D496622C8}.Win8 Debug|x64.ActiveCfg = Win8 Debug|x64
		{A2F67D9E-3E33-4826-9765-DA7D496622C8}.Win8 Debug|x64.Build.0 = Win8 Debug|x64
		{A2F67D9E-3E33-4826-9765-DA7D496622C8}.Win8 Debug|x64.Deploy.0 = Win8 Debug|x64
		{A2F67D9E-3E33-4826-9765-DA7D496622C8}.Win8 Release|Win32.ActiveCfg = Win8 Release|Win32
		{A2F67D9E-3E33-4826-9765-DA7D496622C8}.Win8 Release|Win32.Build.0 = Win8 Release|Win32
		{A2F67D9E-3E33-4826-9765-DA7D496622C8}.Win8 Release|Win32.Deploy.0 = Win8 Release|Win32
		{A2F67D9E-3E33-4826-9765-DA7D496622C8}.Win8 Release|x64.ActiveCfg = Win8 Release|x64
		{A2F67D9E-3E33-4826-9765-DA7D496622C8}.Win8 Release|x64.Build.0 = Win8 Release|x64
		{A2F67D9E-3E33-4826-9765-DA7D496622C8}.Win8 Release|x64.Deploy.0 = Win8 Release|x64
		{A2F67D9E-3E33-4826-9765-DA7D496622C8}.Win8.1 Debug|Win32.ActiveCfg = Win8.1 Debug|Win32
		{A2F67D9E-3E33-4826-9765-DA7D496622C8}.Win8.1 Debug|Win32.Build.0 = Win8.1 Debug|Win32
		{A2F67D9E-3E33-4826-9765-DA7D496622C8}.Win8.1 Debug|Win32.Deploy.0 = Win8.1 Debug|Win32
		{A2F67D9E-3E33-4826-9765-DA7D496622C8}.Win8.1 Debug|x64.ActiveCfg = Win8.1 Debug|x64
		{A2F67D9E-3E33-4826-9765-DA7D496622C8}.Win8.1 Debug|x64.Build.0 = Win8.1 Debug|x64
		{A2F67D9E-3E33-4826-9765-DA7D496622C8}.Win8.1 Debug|x64.Deploy.0 = Win8.1 Debug|x64
		{A2F67D9E-3E33-4826-9765-DA7D496622C8}.Win8.1 Release|Win32.ActiveCfg = Win8.1 Release|Win32
		{A2F67D9E-3E33-4826-9765-DA7D496622C8}.Win8.1 Release|Win32.Build.0 = Win8.1 Release|Win32
		{A2F67D9E-3E33-4826-9765-DA7D496622C8}.Win8.1 Release|Win32.Deploy.0 = Win8.1 Release|Win32
		{A2F67D9E-3E33-4826-9765-DA7D496622C8}.Win8.1 Release|x64.ActiveCfg = Win8.1 Release|x64
		{A2F67D9E-3E33-4826-9765-DA7D496622C8}.Win8.1 Release|x64.Build.0 = Win8.1 Release|x64
		{A2F67D9E-3E33-4826-9765-DA7D496622C8}.Win8.1 Release|x64.Deploy.0 = Win8.1 Release|x64
	EndGlobalSection
	GlobalSection(SolutionProperties) = preSolution
		HideSolutionNode = FALSE
	EndGlobalSection
EndGlobal
