
Microsoft Visual Studio Solution File, Format Version 12.00
# Visual Studio 2013
VisualStudioVersion = 12.0.40629.0
MinimumVisualStudioVersion = 10.0.40219.1
Project("{8BC9CEB8-8B4A-11D0-8D11-00A0C91BC942}") = "pointerandstruct", "pointerandstruct\pointerandstruct.vcxproj", "{76DF7EB4-CB24-438C-9C71-6CA6B407DFDB}"
EndProject
Global
	GlobalSection(SolutionConfigurationPlatforms) = preSolution
		Debug|Win32 = Debug|Win32
		Release|Win32 = Release|Win32
	EndGlobalSection
	GlobalSection(ProjectConfigurationPlatforms) = postSolution
		{76DF7EB4-CB24-438C-9C71-6CA6B407DFDB}.Debug|Win32.ActiveCfg = Debug|Win32
		{76DF7EB4-CB24-438C-9C71-6CA6B407DFDB}.Debug|Win32.Build.0 = Debug|Win32
		{76DF7EB4-CB24-438C-9C71-6CA6B407DFDB}.Release|Win32.ActiveCfg = Release|Win32
		{76DF7EB4-CB24-438C-9C71-6CA6B407DFDB}.Release|Win32.Build.0 = Release|Win32
	EndGlobalSection
	GlobalSection(SolutionProperties) = preSolution
		HideSolutionNode = FALSE
	EndGlobalSection
EndGlobal
