
Microsoft Visual Studio Solution File, Format Version 12.00
# Visual Studio 2013
VisualStudioVersion = 12.0.40629.0
MinimumVisualStudioVersion = 10.0.40219.1
Project("{8BC9CEB8-8B4A-11D0-8D11-00A0C91BC942}") = "ProcessMonitor", "ProcessMonitor\ProcessMonitor.vcxproj", "{A3B9FE31-2D54-4F69-91C7-C09750A33AB4}"
EndProject
Project("{8BC9CEB8-8B4A-11D0-8D11-00A0C91BC942}") = "ProcessMonitor Package", "ProcessMonitor Package\ProcessMonitor Package.vcxproj", "{7E1E9D45-C099-4D25-AEA8-112C9CA3BA8A}"
	ProjectSection(ProjectDependencies) = postProject
		{A3B9FE31-2D54-4F69-91C7-C09750A33AB4} = {A3B9FE31-2D54-4F69-91C7-C09750A33AB4}
	EndProjectSection
EndProject
Global
	GlobalSection(SolutionConfigurationPlatforms) = preSolution
		Win7 Debug|Win32 = Win7 Debug|Win32
		Win7 Debug|x64 = Win7 Debug|x64
		Win7 Release|Win32 = Win7 Release|Win32
		Win7 Release|x64 = Win7 Release|x64
		Win8 Debug|Win32 = Win8 Debug|Win32
		Win8 Debug|x64 = Win8 Debug|x64
		Win8 Release|Win32 = Win8 Release|Win32
		Win8 Release|x64 = Win8 Release|x64
		Win8.1 Debug|Win32 = Win8.1 Debug|Win32
		Win8.1 Debug|x64 = Win8.1 Debug|x64
		Win8.1 Release|Win32 = Win8.1 Release|Win32
		Win8.1 Release|x64 = Win8.1 Release|x64
	EndGlobalSection
	GlobalSection(ProjectConfigurationPlatforms) = postSolution
		{A3B9FE31-2D54-4F69-91C7-C09750A33AB4}.Win7 Debug|Win32.ActiveCfg = Win7 Debug|Win32
		{A3B9FE31-2D54-4F69-91C7-C09750A33AB4}.Win7 Debug|Win32.Build.0 = Win7 Debug|Win32
		{A3B9FE31-2D54-4F69-91C7-C09750A33AB4}.Win7 Debug|Win32.Deploy.0 = Win7 Debug|Win32
		{A3B9FE31-2D54-4F69-91C7-C09750A33AB4}.Win7 Debug|x64.ActiveCfg = Win7 Debug|x64
		{A3B9FE31-2D54-4F69-91C7-C09750A33AB4}.Win7 Debug|x64.Build.0 = Win7 Debug|x64
		{A3B9FE31-2D54-4F69-91C7-C09750A33AB4}.Win7 Debug|x64.Deploy.0 = Win7 Debug|x64
		{A3B9FE31-2D54-4F69-91C7-C09750A33AB4}.Win7 Release|Win32.ActiveCfg = Win7 Release|Win32
		{A3B9FE31-2D54-4F69-91C7-C09750A33AB4}.Win7 Release|Win32.Build.0 = Win7 Release|Win32
		{A3B9FE31-2D54-4F69-91C7-C09750A33AB4}.Win7 Release|Win32.Deploy.0 = Win7 Release|Win32
		{A3B9FE31-2D54-4F69-91C7-C09750A33AB4}.Win7 Release|x64.ActiveCfg = Win7 Release|x64
		{A3B9FE31-2D54-4F69-91C7-C09750A33AB4}.Win7 Release|x64.Build.0 = Win7 Release|x64
		{A3B9FE31-2D54-4F69-91C7-C09750A33AB4}.Win7 Release|x64.Deploy.0 = Win7 Release|x64
		{A3B9FE31-2D54-4F69-91C7-C09750A33AB4}.Win8 Debug|Win32.ActiveCfg = Win8 Debug|Win32
		{A3B9FE31-2D54-4F69-91C7-C09750A33AB4}.Win8 Debug|Win32.Build.0 = Win8 Debug|Win32
		{A3B9FE31-2D54-4F69-91C7-C09750A33AB4}.Win8 Debug|Win32.Deploy.0 = Win8 Debug|Win32
		{A3B9FE31-2D54-4F69-91C7-C09750A33AB4}.Win8 Debug|x64.ActiveCfg = Win8 Debug|x64
		{A3B9FE31-2D54-4F69-91C7-C09750A33AB4}.Win8 Debug|x64.Build.0 = Win8 Debug|x64
		{A3B9FE31-2D54-4F69-91C7-C09750A33AB4}.Win8 Debug|x64.Deploy.0 = Win8 Debug|x64
		{A3B9FE31-2D54-4F69-91C7-C09750A33AB4}.Win8 Release|Win32.ActiveCfg = Win8 Release|Win32
		{A3B9FE31-2D54-4F69-91C7-C09750A33AB4}.Win8 Release|Win32.Build.0 = Win8 Release|Win32
		{A3B9FE31-2D54-4F69-91C7-C09750A33AB4}.Win8 Release|Win32.Deploy.0 = Win8 Release|Win32
		{A3B9FE31-2D54-4F69-91C7-C09750A33AB4}.Win8 Release|x64.ActiveCfg = Win8 Release|x64
		{A3B9FE31-2D54-4F69-91C7-C09750A33AB4}.Win8 Release|x64.Build.0 = Win8 Release|x64
		{A3B9FE31-2D54-4F69-91C7-C09750A33AB4}.Win8 Release|x64.Deploy.0 = Win8 Release|x64
		{A3B9FE31-2D54-4F69-91C7-C09750A33AB4}.Win8.1 Debug|Win32.ActiveCfg = Win8.1 Debug|Win32
		{A3B9FE31-2D54-4F69-91C7-C09750A33AB4}.Win8.1 Debug|Win32.Build.0 = Win8.1 Debug|Win32
		{A3B9FE31-2D54-4F69-91C7-C09750A33AB4}.Win8.1 Debug|Win32.Deploy.0 = Win8.1 Debug|Win32
		{A3B9FE31-2D54-4F69-91C7-C09750A33AB4}.Win8.1 Debug|x64.ActiveCfg = Win8.1 Debug|x64
		{A3B9FE31-2D54-4F69-91C7-C09750A33AB4}.Win8.1 Debug|x64.Build.0 = Win8.1 Debug|x64
		{A3B9FE31-2D54-4F69-91C7-C09750A33AB4}.Win8.1 Debug|x64.Deploy.0 = Win8.1 Debug|x64
		{A3B9FE31-2D54-4F69-91C7-C09750A33AB4}.Win8.1 Release|Win32.ActiveCfg = Win8.1 Release|Win32
		{A3B9FE31-2D54-4F69-91C7-C09750A33AB4}.Win8.1 Release|Win32.Build.0 = Win8.1 Release|Win32
		{A3B9FE31-2D54-4F69-91C7-C09750A33AB4}.Win8.1 Release|Win32.Deploy.0 = Win8.1 Release|Win32
		{A3B9FE31-2D54-4F69-91C7-C09750A33AB4}.Win8.1 Release|x64.ActiveCfg = Win8.1 Release|x64
		{A3B9FE31-2D54-4F69-91C7-C09750A33AB4}.Win8.1 Release|x64.Build.0 = Win8.1 Release|x64
		{A3B9FE31-2D54-4F69-91C7-C09750A33AB4}.Win8.1 Release|x64.Deploy.0 = Win8.1 Release|x64
		{7E1E9D45-C099-4D25-AEA8-112C9CA3BA8A}.Win7 Debug|Win32.ActiveCfg = Win7 Debug|Win32
		{7E1E9D45-C099-4D25-AEA8-112C9CA3BA8A}.Win7 Debug|Win32.Build.0 = Win7 Debug|Win32
		{7E1E9D45-C099-4D25-AEA8-112C9CA3BA8A}.Win7 Debug|Win32.Deploy.0 = Win7 Debug|Win32
		{7E1E9D45-C099-4D25-AEA8-112C9CA3BA8A}.Win7 Debug|x64.ActiveCfg = Win7 Debug|x64
		{7E1E9D45-C099-4D25-AEA8-112C9CA3BA8A}.Win7 Debug|x64.Build.0 = Win7 Debug|x64
		{7E1E9D45-C099-4D25-AEA8-112C9CA3BA8A}.Win7 Debug|x64.Deploy.0 = Win7 Debug|x64
		{7E1E9D45-C099-4D25-AEA8-112C9CA3BA8A}.Win7 Release|Win32.ActiveCfg = Win7 Release|Win32
		{7E1E9D45-C099-4D25-AEA8-112C9CA3BA8A}.Win7 Release|Win32.Build.0 = Win7 Release|Win32
		{7E1E9D45-C099-4D25-AEA8-112C9CA3BA8A}.Win7 Release|Win32.Deploy.0 = Win7 Release|Win32
		{7E1E9D45-C099-4D25-AEA8-112C9CA3BA8A}.Win7 Release|x64.ActiveCfg = Win7 Release|x64
		{7E1E9D45-C099-4D25-AEA8-112C9CA3BA8A}.Win7 Release|x64.Build.0 = Win7 Release|x64
		{7E1E9D45-C099-4D25-AEA8-112C9CA3BA8A}.Win7 Release|x64.Deploy.0 = Win7 Release|x64
		{7E1E9D45-C099-4D25-AEA8-112C9CA3BA8A}.Win8 Debug|Win32.ActiveCfg = Win8 Debug|Win32
		{7E1E9D45-C099-4D25-AEA8-112C9CA3BA8A}.Win8 Debug|Win32.Build.0 = Win8 Debug|Win32
		{7E1E9D45-C099-4D25-AEA8-112C9CA3BA8A}.Win8 Debug|Win32.Deploy.0 = Win8 Debug|Win32
		{7E1E9D45-C099-4D25-AEA8-112C9CA3BA8A}.Win8 Debug|x64.ActiveCfg = Win8 Debug|x64
		{7E1E9D45-C099-4D25-AEA8-112C9CA3BA8A}.Win8 Debug|x64.Build.0 = Win8 Debug|x64
		{7E1E9D45-C099-4D25-AEA8-112C9CA3BA8A}.Win8 Debug|x64.Deploy.0 = Win8 Debug|x64
		{7E1E9D45-C099-4D25-AEA8-112C9CA3BA8A}.Win8 Release|Win32.ActiveCfg = Win8 Release|Win32
		{7E1E9D45-C099-4D25-AEA8-112C9CA3BA8A}.Win8 Release|Win32.Build.0 = Win8 Release|Win32
		{7E1E9D45-C099-4D25-AEA8-112C9CA3BA8A}.Win8 Release|Win32.Deploy.0 = Win8 Release|Win32
		{7E1E9D45-C099-4D25-AEA8-112C9CA3BA8A}.Win8 Release|x64.ActiveCfg = Win8 Release|x64
		{7E1E9D45-C099-4D25-AEA8-112C9CA3BA8A}.Win8 Release|x64.Build.0 = Win8 Release|x64
		{7E1E9D45-C099-4D25-AEA8-112C9CA3BA8A}.Win8 Release|x64.Deploy.0 = Win8 Release|x64
		{7E1E9D45-C099-4D25-AEA8-112C9CA3BA8A}.Win8.1 Debug|Win32.ActiveCfg = Win8.1 Debug|Win32
		{7E1E9D45-C099-4D25-AEA8-112C9CA3BA8A}.Win8.1 Debug|Win32.Build.0 = Win8.1 Debug|Win32
		{7E1E9D45-C099-4D25-AEA8-112C9CA3BA8A}.Win8.1 Debug|Win32.Deploy.0 = Win8.1 Debug|Win32
		{7E1E9D45-C099-4D25-AEA8-112C9CA3BA8A}.Win8.1 Debug|x64.ActiveCfg = Win8.1 Debug|x64
		{7E1E9D45-C099-4D25-AEA8-112C9CA3BA8A}.Win8.1 Debug|x64.Build.0 = Win8.1 Debug|x64
		{7E1E9D45-C099-4D25-AEA8-112C9CA3BA8A}.Win8.1 Debug|x64.Deploy.0 = Win8.1 Debug|x64
		{7E1E9D45-C099-4D25-AEA8-112C9CA3BA8A}.Win8.1 Release|Win32.ActiveCfg = Win8.1 Release|Win32
		{7E1E9D45-C099-4D25-AEA8-112C9CA3BA8A}.Win8.1 Release|Win32.Build.0 = Win8.1 Release|Win32
		{7E1E9D45-C099-4D25-AEA8-112C9CA3BA8A}.Win8.1 Release|Win32.Deploy.0 = Win8.1 Release|Win32
		{7E1E9D45-C099-4D25-AEA8-112C9CA3BA8A}.Win8.1 Release|x64.ActiveCfg = Win8.1 Release|x64
		{7E1E9D45-C099-4D25-AEA8-112C9CA3BA8A}.Win8.1 Release|x64.Build.0 = Win8.1 Release|x64
		{7E1E9D45-C099-4D25-AEA8-112C9CA3BA8A}.Win8.1 Release|x64.Deploy.0 = Win8.1 Release|x64
	EndGlobalSection
	GlobalSection(SolutionProperties) = preSolution
		HideSolutionNode = FALSE
	EndGlobalSection
EndGlobal
