
Microsoft Visual Studio Solution File, Format Version 12.00
# Visual Studio 2013
VisualStudioVersion = 12.0.40629.0
MinimumVisualStudioVersion = 10.0.40219.1
Project("{8BC9CEB8-8B4A-11D0-8D11-00A0C91BC942}") = "ProcessOp", "ProcessOp\ProcessOp.vcxproj", "{F617F6C9-BA2D-4E4B-A96B-77C638FABE6D}"
EndProject
Project("{8BC9CEB8-8B4A-11D0-8D11-00A0C91BC942}") = "ProcessOp Package", "ProcessOp Package\ProcessOp Package.vcxproj", "{E245F4EC-EA6D-4A0D-A96B-59AA2CE94C3F}"
	ProjectSection(ProjectDependencies) = postProject
		{F617F6C9-BA2D-4E4B-A96B-77C638FABE6D} = {F617F6C9-BA2D-4E4B-A96B-77C638FABE6D}
	EndProjectSection
EndProject
Global
	GlobalSection(SolutionConfigurationPlatforms) = preSolution
		Win7 Debug|Win32 = Win7 Debug|Win32
		Win7 Debug|x64 = Win7 Debug|x64
		Win7 Release|Win32 = Win7 Release|Win32
		Win7 Release|x64 = Win7 Release|x64
		Win8 Debug|Win32 = Win8 Debug|Win32
		Win8 Debug|x64 = Win8 Debug|x64
		Win8 Release|Win32 = Win8 Release|Win32
		Win8 Release|x64 = Win8 Release|x64
		Win8.1 Debug|Win32 = Win8.1 Debug|Win32
		Win8.1 Debug|x64 = Win8.1 Debug|x64
		Win8.1 Release|Win32 = Win8.1 Release|Win32
		Win8.1 Release|x64 = Win8.1 Release|x64
	EndGlobalSection
	GlobalSection(ProjectConfigurationPlatforms) = postSolution
		{F617F6C9-BA2D-4E4B-A96B-77C638FABE6D}.Win7 Debug|Win32.ActiveCfg = Win7 Debug|Win32
		{F617F6C9-BA2D-4E4B-A96B-77C638FABE6D}.Win7 Debug|Win32.Build.0 = Win7 Debug|Win32
		{F617F6C9-BA2D-4E4B-A96B-77C638FABE6D}.Win7 Debug|Win32.Deploy.0 = Win7 Debug|Win32
		{F617F6C9-BA2D-4E4B-A96B-77C638FABE6D}.Win7 Debug|x64.ActiveCfg = Win7 Debug|x64
		{F617F6C9-BA2D-4E4B-A96B-77C638FABE6D}.Win7 Debug|x64.Build.0 = Win7 Debug|x64
		{F617F6C9-BA2D-4E4B-A96B-77C638FABE6D}.Win7 Debug|x64.Deploy.0 = Win7 Debug|x64
		{F617F6C9-BA2D-4E4B-A96B-77C638FABE6D}.Win7 Release|Win32.ActiveCfg = Win7 Release|Win32
		{F617F6C9-BA2D-4E4B-A96B-77C638FABE6D}.Win7 Release|Win32.Build.0 = Win7 Release|Win32
		{F617F6C9-BA2D-4E4B-A96B-77C638FABE6D}.Win7 Release|Win32.Deploy.0 = Win7 Release|Win32
		{F617F6C9-BA2D-4E4B-A96B-77C638FABE6D}.Win7 Release|x64.ActiveCfg = Win7 Release|x64
		{F617F6C9-BA2D-4E4B-A96B-77C638FABE6D}.Win7 Release|x64.Build.0 = Win7 Release|x64
		{F617F6C9-BA2D-4E4B-A96B-77C638FABE6D}.Win7 Release|x64.Deploy.0 = Win7 Release|x64
		{F617F6C9-BA2D-4E4B-A96B-77C638FABE6D}.Win8 Debug|Win32.ActiveCfg = Win8 Debug|Win32
		{F617F6C9-BA2D-4E4B-A96B-77C638FABE6D}.Win8 Debug|Win32.Build.0 = Win8 Debug|Win32
		{F617F6C9-BA2D-4E4B-A96B-77C638FABE6D}.Win8 Debug|Win32.Deploy.0 = Win8 Debug|Win32
		{F617F6C9-BA2D-4E4B-A96B-77C638FABE6D}.Win8 Debug|x64.ActiveCfg = Win8 Debug|x64
		{F617F6C9-BA2D-4E4B-A96B-77C638FABE6D}.Win8 Debug|x64.Build.0 = Win8 Debug|x64
		{F617F6C9-BA2D-4E4B-A96B-77C638FABE6D}.Win8 Debug|x64.Deploy.0 = Win8 Debug|x64
		{F617F6C9-BA2D-4E4B-A96B-77C638FABE6D}.Win8 Release|Win32.ActiveCfg = Win8 Release|Win32
		{F617F6C9-BA2D-4E4B-A96B-77C638FABE6D}.Win8 Release|Win32.Build.0 = Win8 Release|Win32
		{F617F6C9-BA2D-4E4B-A96B-77C638FABE6D}.Win8 Release|Win32.Deploy.0 = Win8 Release|Win32
		{F617F6C9-BA2D-4E4B-A96B-77C638FABE6D}.Win8 Release|x64.ActiveCfg = Win8 Release|x64
		{F617F6C9-BA2D-4E4B-A96B-77C638FABE6D}.Win8 Release|x64.Build.0 = Win8 Release|x64
		{F617F6C9-BA2D-4E4B-A96B-77C638FABE6D}.Win8 Release|x64.Deploy.0 = Win8 Release|x64
		{F617F6C9-BA2D-4E4B-A96B-77C638FABE6D}.Win8.1 Debug|Win32.ActiveCfg = Win8.1 Debug|Win32
		{F617F6C9-BA2D-4E4B-A96B-77C638FABE6D}.Win8.1 Debug|Win32.Build.0 = Win8.1 Debug|Win32
		{F617F6C9-BA2D-4E4B-A96B-77C638FABE6D}.Win8.1 Debug|Win32.Deploy.0 = Win8.1 Debug|Win32
		{F617F6C9-BA2D-4E4B-A96B-77C638FABE6D}.Win8.1 Debug|x64.ActiveCfg = Win8.1 Debug|x64
		{F617F6C9-BA2D-4E4B-A96B-77C638FABE6D}.Win8.1 Debug|x64.Build.0 = Win8.1 Debug|x64
		{F617F6C9-BA2D-4E4B-A96B-77C638FABE6D}.Win8.1 Debug|x64.Deploy.0 = Win8.1 Debug|x64
		{F617F6C9-BA2D-4E4B-A96B-77C638FABE6D}.Win8.1 Release|Win32.ActiveCfg = Win8.1 Release|Win32
		{F617F6C9-BA2D-4E4B-A96B-77C638FABE6D}.Win8.1 Release|Win32.Build.0 = Win8.1 Release|Win32
		{F617F6C9-BA2D-4E4B-A96B-77C638FABE6D}.Win8.1 Release|Win32.Deploy.0 = Win8.1 Release|Win32
		{F617F6C9-BA2D-4E4B-A96B-77C638FABE6D}.Win8.1 Release|x64.ActiveCfg = Win8.1 Release|x64
		{F617F6C9-BA2D-4E4B-A96B-77C638FABE6D}.Win8.1 Release|x64.Build.0 = Win8.1 Release|x64
		{F617F6C9-BA2D-4E4B-A96B-77C638FABE6D}.Win8.1 Release|x64.Deploy.0 = Win8.1 Release|x64
		{E245F4EC-EA6D-4A0D-A96B-59AA2CE94C3F}.Win7 Debug|Win32.ActiveCfg = Win7 Debug|Win32
		{E245F4EC-EA6D-4A0D-A96B-59AA2CE94C3F}.Win7 Debug|Win32.Build.0 = Win7 Debug|Win32
		{E245F4EC-EA6D-4A0D-A96B-59AA2CE94C3F}.Win7 Debug|Win32.Deploy.0 = Win7 Debug|Win32
		{E245F4EC-EA6D-4A0D-A96B-59AA2CE94C3F}.Win7 Debug|x64.ActiveCfg = Win7 Debug|x64
		{E245F4EC-EA6D-4A0D-A96B-59AA2CE94C3F}.Win7 Debug|x64.Build.0 = Win7 Debug|x64
		{E245F4EC-EA6D-4A0D-A96B-59AA2CE94C3F}.Win7 Debug|x64.Deploy.0 = Win7 Debug|x64
		{E245F4EC-EA6D-4A0D-A96B-59AA2CE94C3F}.Win7 Release|Win32.ActiveCfg = Win7 Release|Win32
		{E245F4EC-EA6D-4A0D-A96B-59AA2CE94C3F}.Win7 Release|Win32.Build.0 = Win7 Release|Win32
		{E245F4EC-EA6D-4A0D-A96B-59AA2CE94C3F}.Win7 Release|Win32.Deploy.0 = Win7 Release|Win32
		{E245F4EC-EA6D-4A0D-A96B-59AA2CE94C3F}.Win7 Release|x64.ActiveCfg = Win7 Release|x64
		{E245F4EC-EA6D-4A0D-A96B-59AA2CE94C3F}.Win7 Release|x64.Build.0 = Win7 Release|x64
		{E245F4EC-EA6D-4A0D-A96B-59AA2CE94C3F}.Win7 Release|x64.Deploy.0 = Win7 Release|x64
		{E245F4EC-EA6D-4A0D-A96B-59AA2CE94C3F}.Win8 Debug|Win32.ActiveCfg = Win8 Debug|Win32
		{E245F4EC-EA6D-4A0D-A96B-59AA2CE94C3F}.Win8 Debug|Win32.Build.0 = Win8 Debug|Win32
		{E245F4EC-EA6D-4A0D-A96B-59AA2CE94C3F}.Win8 Debug|Win32.Deploy.0 = Win8 Debug|Win32
		{E245F4EC-EA6D-4A0D-A96B-59AA2CE94C3F}.Win8 Debug|x64.ActiveCfg = Win8 Debug|x64
		{E245F4EC-EA6D-4A0D-A96B-59AA2CE94C3F}.Win8 Debug|x64.Build.0 = Win8 Debug|x64
		{E245F4EC-EA6D-4A0D-A96B-59AA2CE94C3F}.Win8 Debug|x64.Deploy.0 = Win8 Debug|x64
		{E245F4EC-EA6D-4A0D-A96B-59AA2CE94C3F}.Win8 Release|Win32.ActiveCfg = Win8 Release|Win32
		{E245F4EC-EA6D-4A0D-A96B-59AA2CE94C3F}.Win8 Release|Win32.Build.0 = Win8 Release|Win32
		{E245F4EC-EA6D-4A0D-A96B-59AA2CE94C3F}.Win8 Release|Win32.Deploy.0 = Win8 Release|Win32
		{E245F4EC-EA6D-4A0D-A96B-59AA2CE94C3F}.Win8 Release|x64.ActiveCfg = Win8 Release|x64
		{E245F4EC-EA6D-4A0D-A96B-59AA2CE94C3F}.Win8 Release|x64.Build.0 = Win8 Release|x64
		{E245F4EC-EA6D-4A0D-A96B-59AA2CE94C3F}.Win8 Release|x64.Deploy.0 = Win8 Release|x64
		{E245F4EC-EA6D-4A0D-A96B-59AA2CE94C3F}.Win8.1 Debug|Win32.ActiveCfg = Win8.1 Debug|Win32
		{E245F4EC-EA6D-4A0D-A96B-59AA2CE94C3F}.Win8.1 Debug|Win32.Build.0 = Win8.1 Debug|Win32
		{E245F4EC-EA6D-4A0D-A96B-59AA2CE94C3F}.Win8.1 Debug|Win32.Deploy.0 = Win8.1 Debug|Win32
		{E245F4EC-EA6D-4A0D-A96B-59AA2CE94C3F}.Win8.1 Debug|x64.ActiveCfg = Win8.1 Debug|x64
		{E245F4EC-EA6D-4A0D-A96B-59AA2CE94C3F}.Win8.1 Debug|x64.Build.0 = Win8.1 Debug|x64
		{E245F4EC-EA6D-4A0D-A96B-59AA2CE94C3F}.Win8.1 Debug|x64.Deploy.0 = Win8.1 Debug|x64
		{E245F4EC-EA6D-4A0D-A96B-59AA2CE94C3F}.Win8.1 Release|Win32.ActiveCfg = Win8.1 Release|Win32
		{E245F4EC-EA6D-4A0D-A96B-59AA2CE94C3F}.Win8.1 Release|Win32.Build.0 = Win8.1 Release|Win32
		{E245F4EC-EA6D-4A0D-A96B-59AA2CE94C3F}.Win8.1 Release|Win32.Deploy.0 = Win8.1 Release|Win32
		{E245F4EC-EA6D-4A0D-A96B-59AA2CE94C3F}.Win8.1 Release|x64.ActiveCfg = Win8.1 Release|x64
		{E245F4EC-EA6D-4A0D-A96B-59AA2CE94C3F}.Win8.1 Release|x64.Build.0 = Win8.1 Release|x64
		{E245F4EC-EA6D-4A0D-A96B-59AA2CE94C3F}.Win8.1 Release|x64.Deploy.0 = Win8.1 Release|x64
	EndGlobalSection
	GlobalSection(SolutionProperties) = preSolution
		HideSolutionNode = FALSE
	EndGlobalSection
EndGlobal
