
Microsoft Visual Studio Solution File, Format Version 12.00
# Visual Studio 2013
VisualStudioVersion = 12.0.40629.0
MinimumVisualStudioVersion = 10.0.40219.1
Project("{8BC9CEB8-8B4A-11D0-8D11-00A0C91BC942}") = "EnumDriver", "EnumDriver\EnumDriver.vcxproj", "{DE1F63F4-883E-4FCE-AA78-404E463D1FF9}"
EndProject
Project("{8BC9CEB8-8B4A-11D0-8D11-00A0C91BC942}") = "EnumDriver Package", "EnumDriver Package\EnumDriver Package.vcxproj", "{615D027C-554A-4942-B696-4FFD30D1FE5F}"
	ProjectSection(ProjectDependencies) = postProject
		{DE1F63F4-883E-4FCE-AA78-404E463D1FF9} = {DE1F63F4-883E-4FCE-AA78-404E463D1FF9}
	EndProjectSection
EndProject
Project("{8BC9CEB8-8B4A-11D0-8D11-00A0C91BC942}") = "DriverA", "DriverA\DriverA.vcxproj", "{4F1A0F70-4333-465A-828B-CBF3FFFEA84C}"
EndProject
Project("{8BC9CEB8-8B4A-11D0-8D11-00A0C91BC942}") = "DriverB", "DriverB\DriverB.vcxproj", "{D6784A2C-7F2B-4382-B9DE-00518D6E949C}"
EndProject
Project("{8BC9CEB8-8B4A-11D0-8D11-00A0C91BC942}") = "AppTest", "AppTest\AppTest.vcxproj", "{858AAA9A-3819-4F65-8508-655D4A81D8AD}"
EndProject
Global
	GlobalSection(SolutionConfigurationPlatforms) = preSolution
		Debug|Mixed Platforms = Debug|Mixed Platforms
		Debug|Win32 = Debug|Win32
		Debug|x64 = Debug|x64
		Release|Mixed Platforms = Release|Mixed Platforms
		Release|Win32 = Release|Win32
		Release|x64 = Release|x64
		Win7 Debug|Mixed Platforms = Win7 Debug|Mixed Platforms
		Win7 Debug|Win32 = Win7 Debug|Win32
		Win7 Debug|x64 = Win7 Debug|x64
		Win7 Release|Mixed Platforms = Win7 Release|Mixed Platforms
		Win7 Release|Win32 = Win7 Release|Win32
		Win7 Release|x64 = Win7 Release|x64
		Win8 Debug|Mixed Platforms = Win8 Debug|Mixed Platforms
		Win8 Debug|Win32 = Win8 Debug|Win32
		Win8 Debug|x64 = Win8 Debug|x64
		Win8 Release|Mixed Platforms = Win8 Release|Mixed Platforms
		Win8 Release|Win32 = Win8 Release|Win32
		Win8 Release|x64 = Win8 Release|x64
		Win8.1 Debug|Mixed Platforms = Win8.1 Debug|Mixed Platforms
		Win8.1 Debug|Win32 = Win8.1 Debug|Win32
		Win8.1 Debug|x64 = Win8.1 Debug|x64
		Win8.1 Release|Mixed Platforms = Win8.1 Release|Mixed Platforms
		Win8.1 Release|Win32 = Win8.1 Release|Win32
		Win8.1 Release|x64 = Win8.1 Release|x64
	EndGlobalSection
	GlobalSection(ProjectConfigurationPlatforms) = postSolution
		{DE1F63F4-883E-4FCE-AA78-404E463D1FF9}.Debug|Mixed Platforms.ActiveCfg = Win8.1 Debug|Win32
		{DE1F63F4-883E-4FCE-AA78-404E463D1FF9}.Debug|Mixed Platforms.Build.0 = Win8.1 Debug|Win32
		{DE1F63F4-883E-4FCE-AA78-404E463D1FF9}.Debug|Mixed Platforms.Deploy.0 = Win8.1 Debug|Win32
		{DE1F63F4-883E-4FCE-AA78-404E463D1FF9}.Debug|Win32.ActiveCfg = Win8.1 Debug|Win32
		{DE1F63F4-883E-4FCE-AA78-404E463D1FF9}.Debug|Win32.Build.0 = Win8.1 Debug|Win32
		{DE1F63F4-883E-4FCE-AA78-404E463D1FF9}.Debug|Win32.Deploy.0 = Win8.1 Debug|Win32
		{DE1F63F4-883E-4FCE-AA78-404E463D1FF9}.Debug|x64.ActiveCfg = Win8.1 Debug|x64
		{DE1F63F4-883E-4FCE-AA78-404E463D1FF9}.Debug|x64.Build.0 = Win8.1 Debug|x64
		{DE1F63F4-883E-4FCE-AA78-404E463D1FF9}.Debug|x64.Deploy.0 = Win8.1 Debug|x64
		{DE1F63F4-883E-4FCE-AA78-404E463D1FF9}.Release|Mixed Platforms.ActiveCfg = Win8.1 Release|Win32
		{DE1F63F4-883E-4FCE-AA78-404E463D1FF9}.Release|Mixed Platforms.Build.0 = Win8.1 Release|Win32
		{DE1F63F4-883E-4FCE-AA78-404E463D1FF9}.Release|Mixed Platforms.Deploy.0 = Win8.1 Release|Win32
		{DE1F63F4-883E-4FCE-AA78-404E463D1FF9}.Release|Win32.ActiveCfg = Win8.1 Release|Win32
		{DE1F63F4-883E-4FCE-AA78-404E463D1FF9}.Release|Win32.Build.0 = Win8.1 Release|Win32
		{DE1F63F4-883E-4FCE-AA78-404E463D1FF9}.Release|Win32.Deploy.0 = Win8.1 Release|Win32
		{DE1F63F4-883E-4FCE-AA78-404E463D1FF9}.Release|x64.ActiveCfg = Win8.1 Release|x64
		{DE1F63F4-883E-4FCE-AA78-404E463D1FF9}.Release|x64.Build.0 = Win8.1 Release|x64
		{DE1F63F4-883E-4FCE-AA78-404E463D1FF9}.Release|x64.Deploy.0 = Win8.1 Release|x64
		{DE1F63F4-883E-4FCE-AA78-404E463D1FF9}.Win7 Debug|Mixed Platforms.ActiveCfg = Win7 Debug|Win32
		{DE1F63F4-883E-4FCE-AA78-404E463D1FF9}.Win7 Debug|Mixed Platforms.Build.0 = Win7 Debug|Win32
		{DE1F63F4-883E-4FCE-AA78-404E463D1FF9}.Win7 Debug|Mixed Platforms.Deploy.0 = Win7 Debug|Win32
		{DE1F63F4-883E-4FCE-AA78-404E463D1FF9}.Win7 Debug|Win32.ActiveCfg = Win7 Debug|Win32
		{DE1F63F4-883E-4FCE-AA78-404E463D1FF9}.Win7 Debug|Win32.Build.0 = Win7 Debug|Win32
		{DE1F63F4-883E-4FCE-AA78-404E463D1FF9}.Win7 Debug|Win32.Deploy.0 = Win7 Debug|Win32
		{DE1F63F4-883E-4FCE-AA78-404E463D1FF9}.Win7 Debug|x64.ActiveCfg = Win7 Debug|x64
		{DE1F63F4-883E-4FCE-AA78-404E463D1FF9}.Win7 Debug|x64.Build.0 = Win7 Debug|x64
		{DE1F63F4-883E-4FCE-AA78-404E463D1FF9}.Win7 Debug|x64.Deploy.0 = Win7 Debug|x64
		{DE1F63F4-883E-4FCE-AA78-404E463D1FF9}.Win7 Release|Mixed Platforms.ActiveCfg = Win7 Release|Win32
		{DE1F63F4-883E-4FCE-AA78-404E463D1FF9}.Win7 Release|Mixed Platforms.Build.0 = Win7 Release|Win32
		{DE1F63F4-883E-4FCE-AA78-404E463D1FF9}.Win7 Release|Mixed Platforms.Deploy.0 = Win7 Release|Win32
		{DE1F63F4-883E-4FCE-AA78-404E463D1FF9}.Win7 Release|Win32.ActiveCfg = Win7 Release|Win32
		{DE1F63F4-883E-4FCE-AA78-404E463D1FF9}.Win7 Release|Win32.Build.0 = Win7 Release|Win32
		{DE1F63F4-883E-4FCE-AA78-404E463D1FF9}.Win7 Release|Win32.Deploy.0 = Win7 Release|Win32
		{DE1F63F4-883E-4FCE-AA78-404E463D1FF9}.Win7 Release|x64.ActiveCfg = Win7 Release|x64
		{DE1F63F4-883E-4FCE-AA78-404E463D1FF9}.Win7 Release|x64.Build.0 = Win7 Release|x64
		{DE1F63F4-883E-4FCE-AA78-404E463D1FF9}.Win7 Release|x64.Deploy.0 = Win7 Release|x64
		{DE1F63F4-883E-4FCE-AA78-404E463D1FF9}.Win8 Debug|Mixed Platforms.ActiveCfg = Win8 Debug|Win32
		{DE1F63F4-883E-4FCE-AA78-404E463D1FF9}.Win8 Debug|Mixed Platforms.Build.0 = Win8 Debug|Win32
		{DE1F63F4-883E-4FCE-AA78-404E463D1FF9}.Win8 Debug|Mixed Platforms.Deploy.0 = Win8 Debug|Win32
		{DE1F63F4-883E-4FCE-AA78-404E463D1FF9}.Win8 Debug|Win32.ActiveCfg = Win8 Debug|Win32
		{DE1F63F4-883E-4FCE-AA78-404E463D1FF9}.Win8 Debug|Win32.Build.0 = Win8 Debug|Win32
		{DE1F63F4-883E-4FCE-AA78-404E463D1FF9}.Win8 Debug|Win32.Deploy.0 = Win8 Debug|Win32
		{DE1F63F4-883E-4FCE-AA78-404E463D1FF9}.Win8 Debug|x64.ActiveCfg = Win8 Debug|x64
		{DE1F63F4-883E-4FCE-AA78-404E463D1FF9}.Win8 Debug|x64.Build.0 = Win8 Debug|x64
		{DE1F63F4-883E-4FCE-AA78-404E463D1FF9}.Win8 Debug|x64.Deploy.0 = Win8 Debug|x64
		{DE1F63F4-883E-4FCE-AA78-404E463D1FF9}.Win8 Release|Mixed Platforms.ActiveCfg = Win8 Release|Win32
		{DE1F63F4-883E-4FCE-AA78-404E463D1FF9}.Win8 Release|Mixed Platforms.Build.0 = Win8 Release|Win32
		{DE1F63F4-883E-4FCE-AA78-404E463D1FF9}.Win8 Release|Mixed Platforms.Deploy.0 = Win8 Release|Win32
		{DE1F63F4-883E-4FCE-AA78-404E463D1FF9}.Win8 Release|Win32.ActiveCfg = Win8 Release|Win32
		{DE1F63F4-883E-4FCE-AA78-404E463D1FF9}.Win8 Release|Win32.Build.0 = Win8 Release|Win32
		{DE1F63F4-883E-4FCE-AA78-404E463D1FF9}.Win8 Release|Win32.Deploy.0 = Win8 Release|Win32
		{DE1F63F4-883E-4FCE-AA78-404E463D1FF9}.Win8 Release|x64.ActiveCfg = Win8 Release|x64
		{DE1F63F4-883E-4FCE-AA78-404E463D1FF9}.Win8 Release|x64.Build.0 = Win8 Release|x64
		{DE1F63F4-883E-4FCE-AA78-404E463D1FF9}.Win8 Release|x64.Deploy.0 = Win8 Release|x64
		{DE1F63F4-883E-4FCE-AA78-404E463D1FF9}.Win8.1 Debug|Mixed Platforms.ActiveCfg = Win8.1 Debug|Win32
		{DE1F63F4-883E-4FCE-AA78-404E463D1FF9}.Win8.1 Debug|Mixed Platforms.Build.0 = Win8.1 Debug|Win32
		{DE1F63F4-883E-4FCE-AA78-404E463D1FF9}.Win8.1 Debug|Mixed Platforms.Deploy.0 = Win8.1 Debug|Win32
		{DE1F63F4-883E-4FCE-AA78-404E463D1FF9}.Win8.1 Debug|Win32.ActiveCfg = Win8.1 Debug|Win32
		{DE1F63F4-883E-4FCE-AA78-404E463D1FF9}.Win8.1 Debug|Win32.Build.0 = Win8.1 Debug|Win32
		{DE1F63F4-883E-4FCE-AA78-404E463D1FF9}.Win8.1 Debug|Win32.Deploy.0 = Win8.1 Debug|Win32
		{DE1F63F4-883E-4FCE-AA78-404E463D1FF9}.Win8.1 Debug|x64.ActiveCfg = Win8.1 Debug|x64
		{DE1F63F4-883E-4FCE-AA78-404E463D1FF9}.Win8.1 Debug|x64.Build.0 = Win8.1 Debug|x64
		{DE1F63F4-883E-4FCE-AA78-404E463D1FF9}.Win8.1 Debug|x64.Deploy.0 = Win8.1 Debug|x64
		{DE1F63F4-883E-4FCE-AA78-404E463D1FF9}.Win8.1 Release|Mixed Platforms.ActiveCfg = Win8.1 Release|Win32
		{DE1F63F4-883E-4FCE-AA78-404E463D1FF9}.Win8.1 Release|Mixed Platforms.Build.0 = Win8.1 Release|Win32
		{DE1F63F4-883E-4FCE-AA78-404E463D1FF9}.Win8.1 Release|Mixed Platforms.Deploy.0 = Win8.1 Release|Win32
		{DE1F63F4-883E-4FCE-AA78-404E463D1FF9}.Win8.1 Release|Win32.ActiveCfg = Win8.1 Release|Win32
		{DE1F63F4-883E-4FCE-AA78-404E463D1FF9}.Win8.1 Release|Win32.Build.0 = Win8.1 Release|Win32
		{DE1F63F4-883E-4FCE-AA78-404E463D1FF9}.Win8.1 Release|Win32.Deploy.0 = Win8.1 Release|Win32
		{DE1F63F4-883E-4FCE-AA78-404E463D1FF9}.Win8.1 Release|x64.ActiveCfg = Win8.1 Release|x64
		{DE1F63F4-883E-4FCE-AA78-404E463D1FF9}.Win8.1 Release|x64.Build.0 = Win8.1 Release|x64
		{DE1F63F4-883E-4FCE-AA78-404E463D1FF9}.Win8.1 Release|x64.Deploy.0 = Win8.1 Release|x64
		{615D027C-554A-4942-B696-4FFD30D1FE5F}.Debug|Mixed Platforms.ActiveCfg = Win8.1 Debug|Win32
		{615D027C-554A-4942-B696-4FFD30D1FE5F}.Debug|Mixed Platforms.Build.0 = Win8.1 Debug|Win32
		{615D027C-554A-4942-B696-4FFD30D1FE5F}.Debug|Mixed Platforms.Deploy.0 = Win8.1 Debug|Win32
		{615D027C-554A-4942-B696-4FFD30D1FE5F}.Debug|Win32.ActiveCfg = Win8.1 Debug|Win32
		{615D027C-554A-4942-B696-4FFD30D1FE5F}.Debug|Win32.Build.0 = Win8.1 Debug|Win32
		{615D027C-554A-4942-B696-4FFD30D1FE5F}.Debug|Win32.Deploy.0 = Win8.1 Debug|Win32
		{615D027C-554A-4942-B696-4FFD30D1FE5F}.Debug|x64.ActiveCfg = Win8.1 Debug|x64
		{615D027C-554A-4942-B696-4FFD30D1FE5F}.Debug|x64.Build.0 = Win8.1 Debug|x64
		{615D027C-554A-4942-B696-4FFD30D1FE5F}.Debug|x64.Deploy.0 = Win8.1 Debug|x64
		{615D027C-554A-4942-B696-4FFD30D1FE5F}.Release|Mixed Platforms.ActiveCfg = Win8.1 Release|Win32
		{615D027C-554A-4942-B696-4FFD30D1FE5F}.Release|Mixed Platforms.Build.0 = Win8.1 Release|Win32
		{615D027C-554A-4942-B696-4FFD30D1FE5F}.Release|Mixed Platforms.Deploy.0 = Win8.1 Release|Win32
		{615D027C-554A-4942-B696-4FFD30D1FE5F}.Release|Win32.ActiveCfg = Win8.1 Release|Win32
		{615D027C-554A-4942-B696-4FFD30D1FE5F}.Release|Win32.Build.0 = Win8.1 Release|Win32
		{615D027C-554A-4942-B696-4FFD30D1FE5F}.Release|Win32.Deploy.0 = Win8.1 Release|Win32
		{615D027C-554A-4942-B696-4FFD30D1FE5F}.Release|x64.ActiveCfg = Win8.1 Release|x64
		{615D027C-554A-4942-B696-4FFD30D1FE5F}.Release|x64.Build.0 = Win8.1 Release|x64
		{615D027C-554A-4942-B696-4FFD30D1FE5F}.Release|x64.Deploy.0 = Win8.1 Release|x64
		{615D027C-554A-4942-B696-4FFD30D1FE5F}.Win7 Debug|Mixed Platforms.ActiveCfg = Win7 Debug|Win32
		{615D027C-554A-4942-B696-4FFD30D1FE5F}.Win7 Debug|Mixed Platforms.Build.0 = Win7 Debug|Win32
		{615D027C-554A-4942-B696-4FFD30D1FE5F}.Win7 Debug|Mixed Platforms.Deploy.0 = Win7 Debug|Win32
		{615D027C-554A-4942-B696-4FFD30D1FE5F}.Win7 Debug|Win32.ActiveCfg = Win7 Debug|Win32
		{615D027C-554A-4942-B696-4FFD30D1FE5F}.Win7 Debug|Win32.Build.0 = Win7 Debug|Win32
		{615D027C-554A-4942-B696-4FFD30D1FE5F}.Win7 Debug|Win32.Deploy.0 = Win7 Debug|Win32
		{615D027C-554A-4942-B696-4FFD30D1FE5F}.Win7 Debug|x64.ActiveCfg = Win7 Debug|x64
		{615D027C-554A-4942-B696-4FFD30D1FE5F}.Win7 Debug|x64.Build.0 = Win7 Debug|x64
		{615D027C-554A-4942-B696-4FFD30D1FE5F}.Win7 Debug|x64.Deploy.0 = Win7 Debug|x64
		{615D027C-554A-4942-B696-4FFD30D1FE5F}.Win7 Release|Mixed Platforms.ActiveCfg = Win7 Release|Win32
		{615D027C-554A-4942-B696-4FFD30D1FE5F}.Win7 Release|Mixed Platforms.Build.0 = Win7 Release|Win32
		{615D027C-554A-4942-B696-4FFD30D1FE5F}.Win7 Release|Mixed Platforms.Deploy.0 = Win7 Release|Win32
		{615D027C-554A-4942-B696-4FFD30D1FE5F}.Win7 Release|Win32.ActiveCfg = Win7 Release|Win32
		{615D027C-554A-4942-B696-4FFD30D1FE5F}.Win7 Release|Win32.Build.0 = Win7 Release|Win32
		{615D027C-554A-4942-B696-4FFD30D1FE5F}.Win7 Release|Win32.Deploy.0 = Win7 Release|Win32
		{615D027C-554A-4942-B696-4FFD30D1FE5F}.Win7 Release|x64.ActiveCfg = Win7 Release|x64
		{615D027C-554A-4942-B696-4FFD30D1FE5F}.Win7 Release|x64.Build.0 = Win7 Release|x64
		{615D027C-554A-4942-B696-4FFD30D1FE5F}.Win7 Release|x64.Deploy.0 = Win7 Release|x64
		{615D027C-554A-4942-B696-4FFD30D1FE5F}.Win8 Debug|Mixed Platforms.ActiveCfg = Win8 Debug|Win32
		{615D027C-554A-4942-B696-4FFD30D1FE5F}.Win8 Debug|Mixed Platforms.Build.0 = Win8 Debug|Win32
		{615D027C-554A-4942-B696-4FFD30D1FE5F}.Win8 Debug|Mixed Platforms.Deploy.0 = Win8 Debug|Win32
		{615D027C-554A-4942-B696-4FFD30D1FE5F}.Win8 Debug|Win32.ActiveCfg = Win8 Debug|Win32
		{615D027C-554A-4942-B696-4FFD30D1FE5F}.Win8 Debug|Win32.Build.0 = Win8 Debug|Win32
		{615D027C-554A-4942-B696-4FFD30D1FE5F}.Win8 Debug|Win32.Deploy.0 = Win8 Debug|Win32
		{615D027C-554A-4942-B696-4FFD30D1FE5F}.Win8 Debug|x64.ActiveCfg = Win8 Debug|x64
		{615D027C-554A-4942-B696-4FFD30D1FE5F}.Win8 Debug|x64.Build.0 = Win8 Debug|x64
		{615D027C-554A-4942-B696-4FFD30D1FE5F}.Win8 Debug|x64.Deploy.0 = Win8 Debug|x64
		{615D027C-554A-4942-B696-4FFD30D1FE5F}.Win8 Release|Mixed Platforms.ActiveCfg = Win8 Release|Win32
		{615D027C-554A-4942-B696-4FFD30D1FE5F}.Win8 Release|Mixed Platforms.Build.0 = Win8 Release|Win32
		{615D027C-554A-4942-B696-4FFD30D1FE5F}.Win8 Release|Mixed Platforms.Deploy.0 = Win8 Release|Win32
		{615D027C-554A-4942-B696-4FFD30D1FE5F}.Win8 Release|Win32.ActiveCfg = Win8 Release|Win32
		{615D027C-554A-4942-B696-4FFD30D1FE5F}.Win8 Release|Win32.Build.0 = Win8 Release|Win32
		{615D027C-554A-4942-B696-4FFD30D1FE5F}.Win8 Release|Win32.Deploy.0 = Win8 Release|Win32
		{615D027C-554A-4942-B696-4FFD30D1FE5F}.Win8 Release|x64.ActiveCfg = Win8 Release|x64
		{615D027C-554A-4942-B696-4FFD30D1FE5F}.Win8 Release|x64.Build.0 = Win8 Release|x64
		{615D027C-554A-4942-B696-4FFD30D1FE5F}.Win8 Release|x64.Deploy.0 = Win8 Release|x64
		{615D027C-554A-4942-B696-4FFD30D1FE5F}.Win8.1 Debug|Mixed Platforms.ActiveCfg = Win8.1 Debug|Win32
		{615D027C-554A-4942-B696-4FFD30D1FE5F}.Win8.1 Debug|Mixed Platforms.Build.0 = Win8.1 Debug|Win32
		{615D027C-554A-4942-B696-4FFD30D1FE5F}.Win8.1 Debug|Mixed Platforms.Deploy.0 = Win8.1 Debug|Win32
		{615D027C-554A-4942-B696-4FFD30D1FE5F}.Win8.1 Debug|Win32.ActiveCfg = Win8.1 Debug|Win32
		{615D027C-554A-4942-B696-4FFD30D1FE5F}.Win8.1 Debug|Win32.Build.0 = Win8.1 Debug|Win32
		{615D027C-554A-4942-B696-4FFD30D1FE5F}.Win8.1 Debug|Win32.Deploy.0 = Win8.1 Debug|Win32
		{615D027C-554A-4942-B696-4FFD30D1FE5F}.Win8.1 Debug|x64.ActiveCfg = Win8.1 Debug|x64
		{615D027C-554A-4942-B696-4FFD30D1FE5F}.Win8.1 Debug|x64.Build.0 = Win8.1 Debug|x64
		{615D027C-554A-4942-B696-4FFD30D1FE5F}.Win8.1 Debug|x64.Deploy.0 = Win8.1 Debug|x64
		{615D027C-554A-4942-B696-4FFD30D1FE5F}.Win8.1 Release|Mixed Platforms.ActiveCfg = Win8.1 Release|Win32
		{615D027C-554A-4942-B696-4FFD30D1FE5F}.Win8.1 Release|Mixed Platforms.Build.0 = Win8.1 Release|Win32
		{615D027C-554A-4942-B696-4FFD30D1FE5F}.Win8.1 Release|Mixed Platforms.Deploy.0 = Win8.1 Release|Win32
		{615D027C-554A-4942-B696-4FFD30D1FE5F}.Win8.1 Release|Win32.ActiveCfg = Win8.1 Release|Win32
		{615D027C-554A-4942-B696-4FFD30D1FE5F}.Win8.1 Release|Win32.Build.0 = Win8.1 Release|Win32
		{615D027C-554A-4942-B696-4FFD30D1FE5F}.Win8.1 Release|Win32.Deploy.0 = Win8.1 Release|Win32
		{615D027C-554A-4942-B696-4FFD30D1FE5F}.Win8.1 Release|x64.ActiveCfg = Win8.1 Release|x64
		{615D027C-554A-4942-B696-4FFD30D1FE5F}.Win8.1 Release|x64.Build.0 = Win8.1 Release|x64
		{615D027C-554A-4942-B696-4FFD30D1FE5F}.Win8.1 Release|x64.Deploy.0 = Win8.1 Release|x64
		{4F1A0F70-4333-465A-828B-CBF3FFFEA84C}.Debug|Mixed Platforms.ActiveCfg = Win8.1 Debug|Win32
		{4F1A0F70-4333-465A-828B-CBF3FFFEA84C}.Debug|Mixed Platforms.Build.0 = Win8.1 Debug|Win32
		{4F1A0F70-4333-465A-828B-CBF3FFFEA84C}.Debug|Mixed Platforms.Deploy.0 = Win8.1 Debug|Win32
		{4F1A0F70-4333-465A-828B-CBF3FFFEA84C}.Debug|Win32.ActiveCfg = Win8.1 Debug|Win32
		{4F1A0F70-4333-465A-828B-CBF3FFFEA84C}.Debug|Win32.Build.0 = Win8.1 Debug|Win32
		{4F1A0F70-4333-465A-828B-CBF3FFFEA84C}.Debug|Win32.Deploy.0 = Win8.1 Debug|Win32
		{4F1A0F70-4333-465A-828B-CBF3FFFEA84C}.Debug|x64.ActiveCfg = Win8.1 Debug|x64
		{4F1A0F70-4333-465A-828B-CBF3FFFEA84C}.Debug|x64.Build.0 = Win8.1 Debug|x64
		{4F1A0F70-4333-465A-828B-CBF3FFFEA84C}.Debug|x64.Deploy.0 = Win8.1 Debug|x64
		{4F1A0F70-4333-465A-828B-CBF3FFFEA84C}.Release|Mixed Platforms.ActiveCfg = Win8.1 Release|Win32
		{4F1A0F70-4333-465A-828B-CBF3FFFEA84C}.Release|Mixed Platforms.Build.0 = Win8.1 Release|Win32
		{4F1A0F70-4333-465A-828B-CBF3FFFEA84C}.Release|Mixed Platforms.Deploy.0 = Win8.1 Release|Win32
		{4F1A0F70-4333-465A-828B-CBF3FFFEA84C}.Release|Win32.ActiveCfg = Win8.1 Release|Win32
		{4F1A0F70-4333-465A-828B-CBF3FFFEA84C}.Release|Win32.Build.0 = Win8.1 Release|Win32
		{4F1A0F70-4333-465A-828B-CBF3FFFEA84C}.Release|Win32.Deploy.0 = Win8.1 Release|Win32
		{4F1A0F70-4333-465A-828B-CBF3FFFEA84C}.Release|x64.ActiveCfg = Win8.1 Release|x64
		{4F1A0F70-4333-465A-828B-CBF3FFFEA84C}.Release|x64.Build.0 = Win8.1 Release|x64
		{4F1A0F70-4333-465A-828B-CBF3FFFEA84C}.Release|x64.Deploy.0 = Win8.1 Release|x64
		{4F1A0F70-4333-465A-828B-CBF3FFFEA84C}.Win7 Debug|Mixed Platforms.ActiveCfg = Win7 Debug|Win32
		{4F1A0F70-4333-465A-828B-CBF3FFFEA84C}.Win7 Debug|Mixed Platforms.Build.0 = Win7 Debug|Win32
		{4F1A0F70-4333-465A-828B-CBF3FFFEA84C}.Win7 Debug|Mixed Platforms.Deploy.0 = Win7 Debug|Win32
		{4F1A0F70-4333-465A-828B-CBF3FFFEA84C}.Win7 Debug|Win32.ActiveCfg = Win7 Debug|Win32
		{4F1A0F70-4333-465A-828B-CBF3FFFEA84C}.Win7 Debug|Win32.Build.0 = Win7 Debug|Win32
		{4F1A0F70-4333-465A-828B-CBF3FFFEA84C}.Win7 Debug|Win32.Deploy.0 = Win7 Debug|Win32
		{4F1A0F70-4333-465A-828B-CBF3FFFEA84C}.Win7 Debug|x64.ActiveCfg = Win7 Debug|x64
		{4F1A0F70-4333-465A-828B-CBF3FFFEA84C}.Win7 Debug|x64.Build.0 = Win7 Debug|x64
		{4F1A0F70-4333-465A-828B-CBF3FFFEA84C}.Win7 Debug|x64.Deploy.0 = Win7 Debug|x64
		{4F1A0F70-4333-465A-828B-CBF3FFFEA84C}.Win7 Release|Mixed Platforms.ActiveCfg = Win7 Release|Win32
		{4F1A0F70-4333-465A-828B-CBF3FFFEA84C}.Win7 Release|Mixed Platforms.Build.0 = Win7 Release|Win32
		{4F1A0F70-4333-465A-828B-CBF3FFFEA84C}.Win7 Release|Mixed Platforms.Deploy.0 = Win7 Release|Win32
		{4F1A0F70-4333-465A-828B-CBF3FFFEA84C}.Win7 Release|Win32.ActiveCfg = Win7 Release|Win32
		{4F1A0F70-4333-465A-828B-CBF3FFFEA84C}.Win7 Release|Win32.Build.0 = Win7 Release|Win32
		{4F1A0F70-4333-465A-828B-CBF3FFFEA84C}.Win7 Release|Win32.Deploy.0 = Win7 Release|Win32
		{4F1A0F70-4333-465A-828B-CBF3FFFEA84C}.Win7 Release|x64.ActiveCfg = Win7 Release|x64
		{4F1A0F70-4333-465A-828B-CBF3FFFEA84C}.Win7 Release|x64.Build.0 = Win7 Release|x64
		{4F1A0F70-4333-465A-828B-CBF3FFFEA84C}.Win7 Release|x64.Deploy.0 = Win7 Release|x64
		{4F1A0F70-4333-465A-828B-CBF3FFFEA84C}.Win8 Debug|Mixed Platforms.ActiveCfg = Win8 Debug|Win32
		{4F1A0F70-4333-465A-828B-CBF3FFFEA84C}.Win8 Debug|Mixed Platforms.Build.0 = Win8 Debug|Win32
		{4F1A0F70-4333-465A-828B-CBF3FFFEA84C}.Win8 Debug|Mixed Platforms.Deploy.0 = Win8 Debug|Win32
		{4F1A0F70-4333-465A-828B-CBF3FFFEA84C}.Win8 Debug|Win32.ActiveCfg = Win8 Debug|Win32
		{4F1A0F70-4333-465A-828B-CBF3FFFEA84C}.Win8 Debug|Win32.Build.0 = Win8 Debug|Win32
		{4F1A0F70-4333-465A-828B-CBF3FFFEA84C}.Win8 Debug|Win32.Deploy.0 = Win8 Debug|Win32
		{4F1A0F70-4333-465A-828B-CBF3FFFEA84C}.Win8 Debug|x64.ActiveCfg = Win8 Debug|x64
		{4F1A0F70-4333-465A-828B-CBF3FFFEA84C}.Win8 Debug|x64.Build.0 = Win8 Debug|x64
		{4F1A0F70-4333-465A-828B-CBF3FFFEA84C}.Win8 Debug|x64.Deploy.0 = Win8 Debug|x64
		{4F1A0F70-4333-465A-828B-CBF3FFFEA84C}.Win8 Release|Mixed Platforms.ActiveCfg = Win8 Release|Win32
		{4F1A0F70-4333-465A-828B-CBF3FFFEA84C}.Win8 Release|Mixed Platforms.Build.0 = Win8 Release|Win32
		{4F1A0F70-4333-465A-828B-CBF3FFFEA84C}.Win8 Release|Mixed Platforms.Deploy.0 = Win8 Release|Win32
		{4F1A0F70-4333-465A-828B-CBF3FFFEA84C}.Win8 Release|Win32.ActiveCfg = Win8 Release|Win32
		{4F1A0F70-4333-465A-828B-CBF3FFFEA84C}.Win8 Release|Win32.Build.0 = Win8 Release|Win32
		{4F1A0F70-4333-465A-828B-CBF3FFFEA84C}.Win8 Release|Win32.Deploy.0 = Win8 Release|Win32
		{4F1A0F70-4333-465A-828B-CBF3FFFEA84C}.Win8 Release|x64.ActiveCfg = Win8 Release|x64
		{4F1A0F70-4333-465A-828B-CBF3FFFEA84C}.Win8 Release|x64.Build.0 = Win8 Release|x64
		{4F1A0F70-4333-465A-828B-CBF3FFFEA84C}.Win8 Release|x64.Deploy.0 = Win8 Release|x64
		{4F1A0F70-4333-465A-828B-CBF3FFFEA84C}.Win8.1 Debug|Mixed Platforms.ActiveCfg = Win8.1 Debug|Win32
		{4F1A0F70-4333-465A-828B-CBF3FFFEA84C}.Win8.1 Debug|Mixed Platforms.Build.0 = Win8.1 Debug|Win32
		{4F1A0F70-4333-465A-828B-CBF3FFFEA84C}.Win8.1 Debug|Mixed Platforms.Deploy.0 = Win8.1 Debug|Win32
		{4F1A0F70-4333-465A-828B-CBF3FFFEA84C}.Win8.1 Debug|Win32.ActiveCfg = Win8.1 Debug|Win32
		{4F1A0F70-4333-465A-828B-CBF3FFFEA84C}.Win8.1 Debug|Win32.Build.0 = Win8.1 Debug|Win32
		{4F1A0F70-4333-465A-828B-CBF3FFFEA84C}.Win8.1 Debug|Win32.Deploy.0 = Win8.1 Debug|Win32
		{4F1A0F70-4333-465A-828B-CBF3FFFEA84C}.Win8.1 Debug|x64.ActiveCfg = Win8.1 Debug|x64
		{4F1A0F70-4333-465A-828B-CBF3FFFEA84C}.Win8.1 Debug|x64.Build.0 = Win8.1 Debug|x64
		{4F1A0F70-4333-465A-828B-CBF3FFFEA84C}.Win8.1 Debug|x64.Deploy.0 = Win8.1 Debug|x64
		{4F1A0F70-4333-465A-828B-CBF3FFFEA84C}.Win8.1 Release|Mixed Platforms.ActiveCfg = Win8.1 Release|Win32
		{4F1A0F70-4333-465A-828B-CBF3FFFEA84C}.Win8.1 Release|Mixed Platforms.Build.0 = Win8.1 Release|Win32
		{4F1A0F70-4333-465A-828B-CBF3FFFEA84C}.Win8.1 Release|Mixed Platforms.Deploy.0 = Win8.1 Release|Win32
		{4F1A0F70-4333-465A-828B-CBF3FFFEA84C}.Win8.1 Release|Win32.ActiveCfg = Win8.1 Release|Win32
		{4F1A0F70-4333-465A-828B-CBF3FFFEA84C}.Win8.1 Release|Win32.Build.0 = Win8.1 Release|Win32
		{4F1A0F70-4333-465A-828B-CBF3FFFEA84C}.Win8.1 Release|Win32.Deploy.0 = Win8.1 Release|Win32
		{4F1A0F70-4333-465A-828B-CBF3FFFEA84C}.Win8.1 Release|x64.ActiveCfg = Win8.1 Release|x64
		{4F1A0F70-4333-465A-828B-CBF3FFFEA84C}.Win8.1 Release|x64.Build.0 = Win8.1 Release|x64
		{4F1A0F70-4333-465A-828B-CBF3FFFEA84C}.Win8.1 Release|x64.Deploy.0 = Win8.1 Release|x64
		{D6784A2C-7F2B-4382-B9DE-00518D6E949C}.Debug|Mixed Platforms.ActiveCfg = Win8.1 Debug|Win32
		{D6784A2C-7F2B-4382-B9DE-00518D6E949C}.Debug|Mixed Platforms.Build.0 = Win8.1 Debug|Win32
		{D6784A2C-7F2B-4382-B9DE-00518D6E949C}.Debug|Mixed Platforms.Deploy.0 = Win8.1 Debug|Win32
		{D6784A2C-7F2B-4382-B9DE-00518D6E949C}.Debug|Win32.ActiveCfg = Win8.1 Debug|Win32
		{D6784A2C-7F2B-4382-B9DE-00518D6E949C}.Debug|Win32.Build.0 = Win8.1 Debug|Win32
		{D6784A2C-7F2B-4382-B9DE-00518D6E949C}.Debug|Win32.Deploy.0 = Win8.1 Debug|Win32
		{D6784A2C-7F2B-4382-B9DE-00518D6E949C}.Debug|x64.ActiveCfg = Win8.1 Debug|x64
		{D6784A2C-7F2B-4382-B9DE-00518D6E949C}.Debug|x64.Build.0 = Win8.1 Debug|x64
		{D6784A2C-7F2B-4382-B9DE-00518D6E949C}.Debug|x64.Deploy.0 = Win8.1 Debug|x64
		{D6784A2C-7F2B-4382-B9DE-00518D6E949C}.Release|Mixed Platforms.ActiveCfg = Win8.1 Release|Win32
		{D6784A2C-7F2B-4382-B9DE-00518D6E949C}.Release|Mixed Platforms.Build.0 = Win8.1 Release|Win32
		{D6784A2C-7F2B-4382-B9DE-00518D6E949C}.Release|Mixed Platforms.Deploy.0 = Win8.1 Release|Win32
		{D6784A2C-7F2B-4382-B9DE-00518D6E949C}.Release|Win32.ActiveCfg = Win8.1 Release|Win32
		{D6784A2C-7F2B-4382-B9DE-00518D6E949C}.Release|Win32.Build.0 = Win8.1 Release|Win32
		{D6784A2C-7F2B-4382-B9DE-00518D6E949C}.Release|Win32.Deploy.0 = Win8.1 Release|Win32
		{D6784A2C-7F2B-4382-B9DE-00518D6E949C}.Release|x64.ActiveCfg = Win8.1 Release|x64
		{D6784A2C-7F2B-4382-B9DE-00518D6E949C}.Release|x64.Build.0 = Win8.1 Release|x64
		{D6784A2C-7F2B-4382-B9DE-00518D6E949C}.Release|x64.Deploy.0 = Win8.1 Release|x64
		{D6784A2C-7F2B-4382-B9DE-00518D6E949C}.Win7 Debug|Mixed Platforms.ActiveCfg = Win7 Debug|Win32
		{D6784A2C-7F2B-4382-B9DE-00518D6E949C}.Win7 Debug|Mixed Platforms.Build.0 = Win7 Debug|Win32
		{D6784A2C-7F2B-4382-B9DE-00518D6E949C}.Win7 Debug|Mixed Platforms.Deploy.0 = Win7 Debug|Win32
		{D6784A2C-7F2B-4382-B9DE-00518D6E949C}.Win7 Debug|Win32.ActiveCfg = Win7 Debug|Win32
		{D6784A2C-7F2B-4382-B9DE-00518D6E949C}.Win7 Debug|Win32.Build.0 = Win7 Debug|Win32
		{D6784A2C-7F2B-4382-B9DE-00518D6E949C}.Win7 Debug|Win32.Deploy.0 = Win7 Debug|Win32
		{D6784A2C-7F2B-4382-B9DE-00518D6E949C}.Win7 Debug|x64.ActiveCfg = Win7 Debug|x64
		{D6784A2C-7F2B-4382-B9DE-00518D6E949C}.Win7 Debug|x64.Build.0 = Win7 Debug|x64
		{D6784A2C-7F2B-4382-B9DE-00518D6E949C}.Win7 Debug|x64.Deploy.0 = Win7 Debug|x64
		{D6784A2C-7F2B-4382-B9DE-00518D6E949C}.Win7 Release|Mixed Platforms.ActiveCfg = Win7 Release|Win32
		{D6784A2C-7F2B-4382-B9DE-00518D6E949C}.Win7 Release|Mixed Platforms.Build.0 = Win7 Release|Win32
		{D6784A2C-7F2B-4382-B9DE-00518D6E949C}.Win7 Release|Mixed Platforms.Deploy.0 = Win7 Release|Win32
		{D6784A2C-7F2B-4382-B9DE-00518D6E949C}.Win7 Release|Win32.ActiveCfg = Win7 Release|Win32
		{D6784A2C-7F2B-4382-B9DE-00518D6E949C}.Win7 Release|Win32.Build.0 = Win7 Release|Win32
		{D6784A2C-7F2B-4382-B9DE-00518D6E949C}.Win7 Release|Win32.Deploy.0 = Win7 Release|Win32
		{D6784A2C-7F2B-4382-B9DE-00518D6E949C}.Win7 Release|x64.ActiveCfg = Win7 Release|x64
		{D6784A2C-7F2B-4382-B9DE-00518D6E949C}.Win7 Release|x64.Build.0 = Win7 Release|x64
		{D6784A2C-7F2B-4382-B9DE-00518D6E949C}.Win7 Release|x64.Deploy.0 = Win7 Release|x64
		{D6784A2C-7F2B-4382-B9DE-00518D6E949C}.Win8 Debug|Mixed Platforms.ActiveCfg = Win8 Debug|Win32
		{D6784A2C-7F2B-4382-B9DE-00518D6E949C}.Win8 Debug|Mixed Platforms.Build.0 = Win8 Debug|Win32
		{D6784A2C-7F2B-4382-B9DE-00518D6E949C}.Win8 Debug|Mixed Platforms.Deploy.0 = Win8 Debug|Win32
		{D6784A2C-7F2B-4382-B9DE-00518D6E949C}.Win8 Debug|Win32.ActiveCfg = Win8 Debug|Win32
		{D6784A2C-7F2B-4382-B9DE-00518D6E949C}.Win8 Debug|Win32.Build.0 = Win8 Debug|Win32
		{D6784A2C-7F2B-4382-B9DE-00518D6E949C}.Win8 Debug|Win32.Deploy.0 = Win8 Debug|Win32
		{D6784A2C-7F2B-4382-B9DE-00518D6E949C}.Win8 Debug|x64.ActiveCfg = Win8 Debug|x64
		{D6784A2C-7F2B-4382-B9DE-00518D6E949C}.Win8 Debug|x64.Build.0 = Win8 Debug|x64
		{D6784A2C-7F2B-4382-B9DE-00518D6E949C}.Win8 Debug|x64.Deploy.0 = Win8 Debug|x64
		{D6784A2C-7F2B-4382-B9DE-00518D6E949C}.Win8 Release|Mixed Platforms.ActiveCfg = Win8 Release|Win32
		{D6784A2C-7F2B-4382-B9DE-00518D6E949C}.Win8 Release|Mixed Platforms.Build.0 = Win8 Release|Win32
		{D6784A2C-7F2B-4382-B9DE-00518D6E949C}.Win8 Release|Mixed Platforms.Deploy.0 = Win8 Release|Win32
		{D6784A2C-7F2B-4382-B9DE-00518D6E949C}.Win8 Release|Win32.ActiveCfg = Win8 Release|Win32
		{D6784A2C-7F2B-4382-B9DE-00518D6E949C}.Win8 Release|Win32.Build.0 = Win8 Release|Win32
		{D6784A2C-7F2B-4382-B9DE-00518D6E949C}.Win8 Release|Win32.Deploy.0 = Win8 Release|Win32
		{D6784A2C-7F2B-4382-B9DE-00518D6E949C}.Win8 Release|x64.ActiveCfg = Win8 Release|x64
		{D6784A2C-7F2B-4382-B9DE-00518D6E949C}.Win8 Release|x64.Build.0 = Win8 Release|x64
		{D6784A2C-7F2B-4382-B9DE-00518D6E949C}.Win8 Release|x64.Deploy.0 = Win8 Release|x64
		{D6784A2C-7F2B-4382-B9DE-00518D6E949C}.Win8.1 Debug|Mixed Platforms.ActiveCfg = Win8.1 Debug|Win32
		{D6784A2C-7F2B-4382-B9DE-00518D6E949C}.Win8.1 Debug|Mixed Platforms.Build.0 = Win8.1 Debug|Win32
		{D6784A2C-7F2B-4382-B9DE-00518D6E949C}.Win8.1 Debug|Mixed Platforms.Deploy.0 = Win8.1 Debug|Win32
		{D6784A2C-7F2B-4382-B9DE-00518D6E949C}.Win8.1 Debug|Win32.ActiveCfg = Win8.1 Debug|Win32
		{D6784A2C-7F2B-4382-B9DE-00518D6E949C}.Win8.1 Debug|Win32.Build.0 = Win8.1 Debug|Win32
		{D6784A2C-7F2B-4382-B9DE-00518D6E949C}.Win8.1 Debug|Win32.Deploy.0 = Win8.1 Debug|Win32
		{D6784A2C-7F2B-4382-B9DE-00518D6E949C}.Win8.1 Debug|x64.ActiveCfg = Win8.1 Debug|x64
		{D6784A2C-7F2B-4382-B9DE-00518D6E949C}.Win8.1 Debug|x64.Build.0 = Win8.1 Debug|x64
		{D6784A2C-7F2B-4382-B9DE-00518D6E949C}.Win8.1 Debug|x64.Deploy.0 = Win8.1 Debug|x64
		{D6784A2C-7F2B-4382-B9DE-00518D6E949C}.Win8.1 Release|Mixed Platforms.ActiveCfg = Win8.1 Release|Win32
		{D6784A2C-7F2B-4382-B9DE-00518D6E949C}.Win8.1 Release|Mixed Platforms.Build.0 = Win8.1 Release|Win32
		{D6784A2C-7F2B-4382-B9DE-00518D6E949C}.Win8.1 Release|Mixed Platforms.Deploy.0 = Win8.1 Release|Win32
		{D6784A2C-7F2B-4382-B9DE-00518D6E949C}.Win8.1 Release|Win32.ActiveCfg = Win8.1 Release|Win32
		{D6784A2C-7F2B-4382-B9DE-00518D6E949C}.Win8.1 Release|Win32.Build.0 = Win8.1 Release|Win32
		{D6784A2C-7F2B-4382-B9DE-00518D6E949C}.Win8.1 Release|Win32.Deploy.0 = Win8.1 Release|Win32
		{D6784A2C-7F2B-4382-B9DE-00518D6E949C}.Win8.1 Release|x64.ActiveCfg = Win8.1 Release|x64
		{D6784A2C-7F2B-4382-B9DE-00518D6E949C}.Win8.1 Release|x64.Build.0 = Win8.1 Release|x64
		{D6784A2C-7F2B-4382-B9DE-00518D6E949C}.Win8.1 Release|x64.Deploy.0 = Win8.1 Release|x64
		{858AAA9A-3819-4F65-8508-655D4A81D8AD}.Debug|Mixed Platforms.ActiveCfg = Debug|Win32
		{858AAA9A-3819-4F65-8508-655D4A81D8AD}.Debug|Mixed Platforms.Build.0 = Debug|Win32
		{858AAA9A-3819-4F65-8508-655D4A81D8AD}.Debug|Mixed Platforms.Deploy.0 = Debug|Win32
		{858AAA9A-3819-4F65-8508-655D4A81D8AD}.Debug|Win32.ActiveCfg = Debug|Win32
		{858AAA9A-3819-4F65-8508-655D4A81D8AD}.Debug|Win32.Build.0 = Debug|Win32
		{858AAA9A-3819-4F65-8508-655D4A81D8AD}.Debug|Win32.Deploy.0 = Debug|Win32
		{858AAA9A-3819-4F65-8508-655D4A81D8AD}.Debug|x64.ActiveCfg = Debug|Win32
		{858AAA9A-3819-4F65-8508-655D4A81D8AD}.Release|Mixed Platforms.ActiveCfg = Release|Win32
		{858AAA9A-3819-4F65-8508-655D4A81D8AD}.Release|Mixed Platforms.Build.0 = Release|Win32
		{858AAA9A-3819-4F65-8508-655D4A81D8AD}.Release|Mixed Platforms.Deploy.0 = Release|Win32
		{858AAA9A-3819-4F65-8508-655D4A81D8AD}.Release|Win32.ActiveCfg = Release|Win32
		{858AAA9A-3819-4F65-8508-655D4A81D8AD}.Release|Win32.Build.0 = Release|Win32
		{858AAA9A-3819-4F65-8508-655D4A81D8AD}.Release|Win32.Deploy.0 = Release|Win32
		{858AAA9A-3819-4F65-8508-655D4A81D8AD}.Release|x64.ActiveCfg = Release|Win32
		{858AAA9A-3819-4F65-8508-655D4A81D8AD}.Win7 Debug|Mixed Platforms.ActiveCfg = Debug|Win32
		{858AAA9A-3819-4F65-8508-655D4A81D8AD}.Win7 Debug|Mixed Platforms.Build.0 = Debug|Win32
		{858AAA9A-3819-4F65-8508-655D4A81D8AD}.Win7 Debug|Mixed Platforms.Deploy.0 = Debug|Win32
		{858AAA9A-3819-4F65-8508-655D4A81D8AD}.Win7 Debug|Win32.ActiveCfg = Debug|Win32
		{858AAA9A-3819-4F65-8508-655D4A81D8AD}.Win7 Debug|Win32.Build.0 = Debug|Win32
		{858AAA9A-3819-4F65-8508-655D4A81D8AD}.Win7 Debug|Win32.Deploy.0 = Debug|Win32
		{858AAA9A-3819-4F65-8508-655D4A81D8AD}.Win7 Debug|x64.ActiveCfg = Debug|Win32
		{858AAA9A-3819-4F65-8508-655D4A81D8AD}.Win7 Release|Mixed Platforms.ActiveCfg = Release|Win32
		{858AAA9A-3819-4F65-8508-655D4A81D8AD}.Win7 Release|Mixed Platforms.Build.0 = Release|Win32
		{858AAA9A-3819-4F65-8508-655D4A81D8AD}.Win7 Release|Mixed Platforms.Deploy.0 = Release|Win32
		{858AAA9A-3819-4F65-8508-655D4A81D8AD}.Win7 Release|Win32.ActiveCfg = Release|Win32
		{858AAA9A-3819-4F65-8508-655D4A81D8AD}.Win7 Release|Win32.Build.0 = Release|Win32
		{858AAA9A-3819-4F65-8508-655D4A81D8AD}.Win7 Release|Win32.Deploy.0 = Release|Win32
		{858AAA9A-3819-4F65-8508-655D4A81D8AD}.Win7 Release|x64.ActiveCfg = Release|Win32
		{858AAA9A-3819-4F65-8508-655D4A81D8AD}.Win8 Debug|Mixed Platforms.ActiveCfg = Debug|Win32
		{858AAA9A-3819-4F65-8508-655D4A81D8AD}.Win8 Debug|Mixed Platforms.Build.0 = Debug|Win32
		{858AAA9A-3819-4F65-8508-655D4A81D8AD}.Win8 Debug|Mixed Platforms.Deploy.0 = Debug|Win32
		{858AAA9A-3819-4F65-8508-655D4A81D8AD}.Win8 Debug|Win32.ActiveCfg = Debug|Win32
		{858AAA9A-3819-4F65-8508-655D4A81D8AD}.Win8 Debug|Win32.Build.0 = Debug|Win32
		{858AAA9A-3819-4F65-8508-655D4A81D8AD}.Win8 Debug|Win32.Deploy.0 = Debug|Win32
		{858AAA9A-3819-4F65-8508-655D4A81D8AD}.Win8 Debug|x64.ActiveCfg = Debug|Win32
		{858AAA9A-3819-4F65-8508-655D4A81D8AD}.Win8 Release|Mixed Platforms.ActiveCfg = Release|Win32
		{858AAA9A-3819-4F65-8508-655D4A81D8AD}.Win8 Release|Mixed Platforms.Build.0 = Release|Win32
		{858AAA9A-3819-4F65-8508-655D4A81D8AD}.Win8 Release|Mixed Platforms.Deploy.0 = Release|Win32
		{858AAA9A-3819-4F65-8508-655D4A81D8AD}.Win8 Release|Win32.ActiveCfg = Release|Win32
		{858AAA9A-3819-4F65-8508-655D4A81D8AD}.Win8 Release|Win32.Build.0 = Release|Win32
		{858AAA9A-3819-4F65-8508-655D4A81D8AD}.Win8 Release|Win32.Deploy.0 = Release|Win32
		{858AAA9A-3819-4F65-8508-655D4A81D8AD}.Win8 Release|x64.ActiveCfg = Release|Win32
		{858AAA9A-3819-4F65-8508-655D4A81D8AD}.Win8.1 Debug|Mixed Platforms.ActiveCfg = Debug|Win32
		{858AAA9A-3819-4F65-8508-655D4A81D8AD}.Win8.1 Debug|Mixed Platforms.Build.0 = Debug|Win32
		{858AAA9A-3819-4F65-8508-655D4A81D8AD}.Win8.1 Debug|Mixed Platforms.Deploy.0 = Debug|Win32
		{858AAA9A-3819-4F65-8508-655D4A81D8AD}.Win8.1 Debug|Win32.ActiveCfg = Debug|Win32
		{858AAA9A-3819-4F65-8508-655D4A81D8AD}.Win8.1 Debug|Win32.Build.0 = Debug|Win32
		{858AAA9A-3819-4F65-8508-655D4A81D8AD}.Win8.1 Debug|Win32.Deploy.0 = Debug|Win32
		{858AAA9A-3819-4F65-8508-655D4A81D8AD}.Win8.1 Debug|x64.ActiveCfg = Debug|Win32
		{858AAA9A-3819-4F65-8508-655D4A81D8AD}.Win8.1 Release|Mixed Platforms.ActiveCfg = Release|Win32
		{858AAA9A-3819-4F65-8508-655D4A81D8AD}.Win8.1 Release|Mixed Platforms.Build.0 = Release|Win32
		{858AAA9A-3819-4F65-8508-655D4A81D8AD}.Win8.1 Release|Mixed Platforms.Deploy.0 = Release|Win32
		{858AAA9A-3819-4F65-8508-655D4A81D8AD}.Win8.1 Release|Win32.ActiveCfg = Release|Win32
		{858AAA9A-3819-4F65-8508-655D4A81D8AD}.Win8.1 Release|Win32.Build.0 = Release|Win32
		{858AAA9A-3819-4F65-8508-655D4A81D8AD}.Win8.1 Release|Win32.Deploy.0 = Release|Win32
		{858AAA9A-3819-4F65-8508-655D4A81D8AD}.Win8.1 Release|x64.ActiveCfg = Release|Win32
	EndGlobalSection
	GlobalSection(SolutionProperties) = preSolution
		HideSolutionNode = FALSE
	EndGlobalSection
EndGlobal
